<?xml version="1.0" encoding="UTF-8"?>
<Scheme
   LastUpgradeVersion = "1540"
   version = "1.8">
   <BuildAction
      parallelizeBuildables = "YES"
      buildImplicitDependencies = "YES"
      buildArchitectures = "Automatic">
      <BuildActionEntries>
         <BuildActionEntry
            buildForTesting = "YES"
            buildForRunning = "YES"
            buildForProfiling = "YES"
            buildForArchiving = "YES"
            buildForAnalyzing = "YES">
            <BuildableReference
               BuildableIdentifier = "primary"
               BlueprintIdentifier = "EBB061642C553473008D367A"
               BuildableName = "iOS_Assignment1_s3928533_KFCRestaurant.app"
               BlueprintName = "iOS_Assignment1_s3928533_KFCRestaurant"
               ReferencedContainer = "container:iOS_Assignment1_s3928533_KFCRestaurant.xcodeproj">
            </BuildableReference>
         </BuildActionEntry>
      </BuildActionEntries>
   </BuildAction>
   <TestAction
      buildConfiguration = "Debug"
      selectedDebuggerIdentifier = "Xcode.DebuggerFoundation.Debugger.LLDB"
      selectedLauncherIdentifier = "Xcode.DebuggerFoundation.Launcher.LLDB"
      shouldUseLaunchSchemeArgsEnv = "YES"
      shouldAutocreateTestPlan = "YES">
      <Testables>
         <TestableReference
            skipped = "NO"
            parallelizable = "YES">
            <BuildableReference
               BuildableIdentifier = "primary"
               BlueprintIdentifier = "EBB061742C553476008D367A"
               BuildableName = "iOS_Assignment1_s3928533_KFCRestaurantTests.xctest"
               BlueprintName = "iOS_Assignment1_s3928533_KFCRestaurantTests"
               ReferencedContainer = "container:iOS_Assignment1_s3928533_KFCRestaurant.xcodeproj">
            </BuildableReference>
         </TestableReference>
         <TestableReference
            skipped = "NO"
            parallelizable = "YES">
            <BuildableReference
               BuildableIdentifier = "primary"
               BlueprintIdentifier = "EBB0617E2C553476008D367A"
               BuildableName = "iOS_Assignment1_s3928533_KFCRestaurantUITests.xctest"
               BlueprintName = "iOS_Assignment1_s3928533_KFCRestaurantUITests"
               ReferencedContainer = "container:iOS_Assignment1_s3928533_KFCRestaurant.xcodeproj">
            </BuildableReference>
         </TestableReference>
      </Testables>
   </TestAction>
   <LaunchAction
      buildConfiguration = "Debug"
      selectedDebuggerIdentifier = "Xcode.DebuggerFoundation.Debugger.LLDB"
      selectedLauncherIdentifier = "Xcode.DebuggerFoundation.Launcher.LLDB"
      launchStyle = "0"
      useCustomWorkingDirectory = "NO"
      ignoresPersistentStateOnLaunch = "NO"
      debugDocumentVersioning = "YES"
      debugServiceExtension = "internal"
      allowLocationSimulation = "YES">
      <BuildableProductRunnable
         runnableDebuggingMode = "0">
         <BuildableReference
            BuildableIdentifier = "primary"
            BlueprintIdentifier = "EBB061642C553473008D367A"
            BuildableName = "iOS_Assignment1_s3928533_KFCRestaurant.app"
            BlueprintName = "iOS_Assignment1_s3928533_KFCRestaurant"
            ReferencedContainer = "container:iOS_Assignment1_s3928533_KFCRestaurant.xcodeproj">
         </BuildableReference>
      </BuildableProductRunnable>
   </LaunchAction>
   <ProfileAction
      buildConfiguration = "Release"
      shouldUseLaunchSchemeArgsEnv = "YES"
      savedToolIdentifier = ""
      useCustomWorkingDirectory = "NO"
      debugDocumentVersioning = "YES">
      <BuildableProductRunnable
         runnableDebuggingMode = "0">
         <BuildableReference
            BuildableIdentifier = "primary"
            BlueprintIdentifier = "EBB061642C553473008D367A"
            BuildableName = "iOS_Assignment1_s3928533_KFCRestaurant.app"
            BlueprintName = "iOS_Assignment1_s3928533_KFCRestaurant"
            ReferencedContainer = "container:iOS_Assignment1_s3928533_KFCRestaurant.xcodeproj">
         </BuildableReference>
      </BuildableProductRunnable>
   </ProfileAction>
   <AnalyzeAction
      buildConfiguration = "Debug">
   </AnalyzeAction>
   <ArchiveAction
      buildConfiguration = "Release"
      revealArchiveInOrganizer = "YES">
   </ArchiveAction>
</Scheme>
